
Microsoft Visual Studio Solution File, Format Version 12.00
Project("{FAE04EC0-301F-11D3-BF4B-00C04F79EFBC}") = "AssignmentService.Server", "AssignmentService.Server\AssignmentService.Server.csproj", "{34D6C2D1-287F-4245-9CD9-81FE082BC142}"
EndProject
Project("{FAE04EC0-301F-11D3-BF4B-00C04F79EFBC}") = "AssignmentService.Tests", "AssignmentService.Tests\AssignmentService.Tests.csproj", "{959F557C-D684-4ADF-85EE-1F390BF75EDF}"
EndProject
Project("{2150E333-8FDC-42A3-9474-1A3956D46DE8}") = ".docker", ".docker", "{B01D7D91-EEF0-4FB9-8CA0-0DBD49C34667}"
	ProjectSection(SolutionItems) = preProject
		..\.docker\docker-compose.yml = ..\.docker\docker-compose.yml
	EndProjectSection
EndProject
Project("{2150E333-8FDC-42A3-9474-1A3956D46DE8}") = ".k8", ".k8", "{265F078C-DABB-4682-9269-3F3DB34FF3AC}"
	ProjectSection(SolutionItems) = preProject
		..\.k8\aks-all-in-one.yaml = ..\.k8\aks-all-in-one.yaml
		..\.k8\docker-desktop-all-in-one.yaml = ..\.k8\docker-desktop-all-in-one.yaml
	EndProjectSection
EndProject
Global
	GlobalSection(SolutionConfigurationPlatforms) = preSolution
		Debug|Any CPU = Debug|Any CPU
		Release|Any CPU = Release|Any CPU
	EndGlobalSection
	GlobalSection(ProjectConfigurationPlatforms) = postSolution
		{34D6C2D1-287F-4245-9CD9-81FE082BC142}.Debug|Any CPU.ActiveCfg = Debug|Any CPU
		{34D6C2D1-287F-4245-9CD9-81FE082BC142}.Debug|Any CPU.Build.0 = Debug|Any CPU
		{34D6C2D1-287F-4245-9CD9-81FE082BC142}.Release|Any CPU.ActiveCfg = Release|Any CPU
		{34D6C2D1-287F-4245-9CD9-81FE082BC142}.Release|Any CPU.Build.0 = Release|Any CPU
		{959F557C-D684-4ADF-85EE-1F390BF75EDF}.Debug|Any CPU.ActiveCfg = Debug|Any CPU
		{959F557C-D684-4ADF-85EE-1F390BF75EDF}.Debug|Any CPU.Build.0 = Debug|Any CPU
		{959F557C-D684-4ADF-85EE-1F390BF75EDF}.Release|Any CPU.ActiveCfg = Release|Any CPU
		{959F557C-D684-4ADF-85EE-1F390BF75EDF}.Release|Any CPU.Build.0 = Release|Any CPU
	EndGlobalSection
EndGlobal
